{
  "dependencies": {
    "mongo-oplog": {
      "version": "1.0.1",
      "dependencies": {
        "debug": {
          "version": "2.2.0",
          "dependencies": {
            "ms": {
              "version": "0.7.1"
            }
          }
        },
        "eventemitter3": {
          "version": "1.2.0"
        },
        "mongo-oplog-cursor": {
          "version": "0.2.0",
          "dependencies": {
            "bson-timestamp": {
              "version": "0.1.2"
            }
          }
        },
        "mongodb": {
          "version": "2.0.55",
          "dependencies": {
            "mongodb-core": {
              "version": "1.2.31",
              "dependencies": {
                "bson": {
                  "version": "0.4.23"
                }
              }
            },
            "readable-stream": {
              "version": "1.0.31",
              "dependencies": {
                "core-util-is": {
                  "version": "1.0.2"
                },
                "isarray": {
                  "version": "0.0.1"
                },
                "string_decoder": {
                  "version": "0.10.31"
                },
                "inherits": {
                  "version": "2.0.1"
                }
              }
            },
            "es6-promise": {
              "version": "2.1.1"
            },
            "kerberos": {
              "version": "0.0.21",
              "dependencies": {
                "nan": {
                  "version": "2.3.5"
                }
              }
            }
          }
        },
        "thunky": {
          "version": "0.1.0"
        }
      }
    }
  }
}
